
Microsoft Visual Studio Solution File, Format Version 12.00
# Visual Studio Version 17
VisualStudioVersion = 17.3.32804.467
MinimumVisualStudioVersion = 10.0.40219.1
Project("{8BC9CEB8-8B4A-11D0-8D11-00A0C91BC942}") = "0820_3", "0820_3\0820_3.vcxproj", "{395178CD-C8DC-4C8F-A029-1ECBE61B3040}"
EndProject
Project("{8BC9CEB8-8B4A-11D0-8D11-00A0C91BC942}") = "Project1", "Project1\Project1.vcxproj", "{5A26832D-CA59-4630-B0FD-0B55953A0D08}"
EndProject
Project("{8BC9CEB8-8B4A-11D0-8D11-00A0C91BC942}") = "0820_4", "0820_4\0820_4.vcxproj", "{8B53D5B9-458D-4AA4-8E8C-016B41E6A7CF}"
EndProject
Project("{8BC9CEB8-8B4A-11D0-8D11-00A0C91BC942}") = "0827_1", "0827_1\0827_1.vcxproj", "{A63DCFE6-FB29-48CA-95C2-504532B04669}"
EndProject
Project("{8BC9CEB8-8B4A-11D0-8D11-00A0C91BC942}") = "0827_2", "0827_2\0827_2.vcxproj", "{3D5A56C9-0BEE-4680-A7F6-67539FD9107A}"
EndProject
Project("{8BC9CEB8-8B4A-11D0-8D11-00A0C91BC942}") = "0827_2_1", "0827_2_1\0827_2_1.vcxproj", "{3F80F841-FD79-4385-BA29-0268DB2F5A28}"
EndProject
Project("{8BC9CEB8-8B4A-11D0-8D11-00A0C91BC942}") = "0827_3", "0827_3\0827_3.vcxproj", "{61203BCB-A00E-4191-82A8-BA9734419DF1}"
EndProject
Project("{8BC9CEB8-8B4A-11D0-8D11-00A0C91BC942}") = "0827_4", "0827_4\0827_4.vcxproj", "{EC2BDEA5-5612-4C95-B488-6F2B6CF33571}"
EndProject
Project("{8BC9CEB8-8B4A-11D0-8D11-00A0C91BC942}") = "0827_5", "0827_5\0827_5.vcxproj", "{DF405F3B-68D0-4D36-949C-A086B54CD20E}"
EndProject
Project("{8BC9CEB8-8B4A-11D0-8D11-00A0C91BC942}") = "0827_5_1", "0827_4_1\0827_4_1.vcxproj", "{02CA52A2-1076-427D-BEA5-CAA85EC5CF51}"
EndProject
Project("{8BC9CEB8-8B4A-11D0-8D11-00A0C91BC942}") = "0827_6", "0827_6\0827_6.vcxproj", "{F8C68D25-20B3-4157-8560-D344748AC0F7}"
EndProject
Project("{8BC9CEB8-8B4A-11D0-8D11-00A0C91BC942}") = "0827_7", "0827_7\0827_7.vcxproj", "{65184A35-055A-407B-8F58-2B3D8BF645FF}"
EndProject
Project("{8BC9CEB8-8B4A-11D0-8D11-00A0C91BC942}") = "0827_8", "0827_8\0827_8.vcxproj", "{EACCF2A2-F7DF-47FB-8890-0845C6F0F926}"
EndProject
Project("{8BC9CEB8-8B4A-11D0-8D11-00A0C91BC942}") = "0827_9", "0827_9\0827_9.vcxproj", "{454739FF-FB3A-4C65-B57F-5ECC737A7071}"
EndProject
Project("{8BC9CEB8-8B4A-11D0-8D11-00A0C91BC942}") = "0827_10", "0827_10\0827_10.vcxproj", "{B508F7BA-44B7-4951-BA80-A353E961A8A2}"
EndProject
Global
	GlobalSection(SolutionConfigurationPlatforms) = preSolution
		Debug|x64 = Debug|x64
		Debug|x86 = Debug|x86
		Release|x64 = Release|x64
		Release|x86 = Release|x86
	EndGlobalSection
	GlobalSection(ProjectConfigurationPlatforms) = postSolution
		{395178CD-C8DC-4C8F-A029-1ECBE61B3040}.Debug|x64.ActiveCfg = Debug|x64
		{395178CD-C8DC-4C8F-A029-1ECBE61B3040}.Debug|x64.Build.0 = Debug|x64
		{395178CD-C8DC-4C8F-A029-1ECBE61B3040}.Debug|x86.ActiveCfg = Debug|Win32
		{395178CD-C8DC-4C8F-A029-1ECBE61B3040}.Debug|x86.Build.0 = Debug|Win32
		{395178CD-C8DC-4C8F-A029-1ECBE61B3040}.Release|x64.ActiveCfg = Release|x64
		{395178CD-C8DC-4C8F-A029-1ECBE61B3040}.Release|x64.Build.0 = Release|x64
		{395178CD-C8DC-4C8F-A029-1ECBE61B3040}.Release|x86.ActiveCfg = Release|Win32
		{395178CD-C8DC-4C8F-A029-1ECBE61B3040}.Release|x86.Build.0 = Release|Win32
		{5A26832D-CA59-4630-B0FD-0B55953A0D08}.Debug|x64.ActiveCfg = Debug|x64
		{5A26832D-CA59-4630-B0FD-0B55953A0D08}.Debug|x64.Build.0 = Debug|x64
		{5A26832D-CA59-4630-B0FD-0B55953A0D08}.Debug|x86.ActiveCfg = Debug|Win32
		{5A26832D-CA59-4630-B0FD-0B55953A0D08}.Debug|x86.Build.0 = Debug|Win32
		{5A26832D-CA59-4630-B0FD-0B55953A0D08}.Release|x64.ActiveCfg = Release|x64
		{5A26832D-CA59-4630-B0FD-0B55953A0D08}.Release|x64.Build.0 = Release|x64
		{5A26832D-CA59-4630-B0FD-0B55953A0D08}.Release|x86.ActiveCfg = Release|Win32
		{5A26832D-CA59-4630-B0FD-0B55953A0D08}.Release|x86.Build.0 = Release|Win32
		{8B53D5B9-458D-4AA4-8E8C-016B41E6A7CF}.Debug|x64.ActiveCfg = Debug|x64
		{8B53D5B9-458D-4AA4-8E8C-016B41E6A7CF}.Debug|x64.Build.0 = Debug|x64
		{8B53D5B9-458D-4AA4-8E8C-016B41E6A7CF}.Debug|x86.ActiveCfg = Debug|Win32
		{8B53D5B9-458D-4AA4-8E8C-016B41E6A7CF}.Debug|x86.Build.0 = Debug|Win32
		{8B53D5B9-458D-4AA4-8E8C-016B41E6A7CF}.Release|x64.ActiveCfg = Release|x64
		{8B53D5B9-458D-4AA4-8E8C-016B41E6A7CF}.Release|x64.Build.0 = Release|x64
		{8B53D5B9-458D-4AA4-8E8C-016B41E6A7CF}.Release|x86.ActiveCfg = Release|Win32
		{8B53D5B9-458D-4AA4-8E8C-016B41E6A7CF}.Release|x86.Build.0 = Release|Win32
		{A63DCFE6-FB29-48CA-95C2-504532B04669}.Debug|x64.ActiveCfg = Debug|x64
		{A63DCFE6-FB29-48CA-95C2-504532B04669}.Debug|x64.Build.0 = Debug|x64
		{A63DCFE6-FB29-48CA-95C2-504532B04669}.Debug|x86.ActiveCfg = Debug|Win32
		{A63DCFE6-FB29-48CA-95C2-504532B04669}.Debug|x86.Build.0 = Debug|Win32
		{A63DCFE6-FB29-48CA-95C2-504532B04669}.Release|x64.ActiveCfg = Release|x64
		{A63DCFE6-FB29-48CA-95C2-504532B04669}.Release|x64.Build.0 = Release|x64
		{A63DCFE6-FB29-48CA-95C2-504532B04669}.Release|x86.ActiveCfg = Release|Win32
		{A63DCFE6-FB29-48CA-95C2-504532B04669}.Release|x86.Build.0 = Release|Win32
		{3D5A56C9-0BEE-4680-A7F6-67539FD9107A}.Debug|x64.ActiveCfg = Debug|x64
		{3D5A56C9-0BEE-4680-A7F6-67539FD9107A}.Debug|x64.Build.0 = Debug|x64
		{3D5A56C9-0BEE-4680-A7F6-67539FD9107A}.Debug|x86.ActiveCfg = Debug|Win32
		{3D5A56C9-0BEE-4680-A7F6-67539FD9107A}.Debug|x86.Build.0 = Debug|Win32
		{3D5A56C9-0BEE-4680-A7F6-67539FD9107A}.Release|x64.ActiveCfg = Release|x64
		{3D5A56C9-0BEE-4680-A7F6-67539FD9107A}.Release|x64.Build.0 = Release|x64
		{3D5A56C9-0BEE-4680-A7F6-67539FD9107A}.Release|x86.ActiveCfg = Release|Win32
		{3D5A56C9-0BEE-4680-A7F6-67539FD9107A}.Release|x86.Build.0 = Release|Win32
		{3F80F841-FD79-4385-BA29-0268DB2F5A28}.Debug|x64.ActiveCfg = Debug|x64
		{3F80F841-FD79-4385-BA29-0268DB2F5A28}.Debug|x64.Build.0 = Debug|x64
		{3F80F841-FD79-4385-BA29-0268DB2F5A28}.Debug|x86.ActiveCfg = Debug|Win32
		{3F80F841-FD79-4385-BA29-0268DB2F5A28}.Debug|x86.Build.0 = Debug|Win32
		{3F80F841-FD79-4385-BA29-0268DB2F5A28}.Release|x64.ActiveCfg = Release|x64
		{3F80F841-FD79-4385-BA29-0268DB2F5A28}.Release|x64.Build.0 = Release|x64
		{3F80F841-FD79-4385-BA29-0268DB2F5A28}.Release|x86.ActiveCfg = Release|Win32
		{3F80F841-FD79-4385-BA29-0268DB2F5A28}.Release|x86.Build.0 = Release|Win32
		{61203BCB-A00E-4191-82A8-BA9734419DF1}.Debug|x64.ActiveCfg = Debug|x64
		{61203BCB-A00E-4191-82A8-BA9734419DF1}.Debug|x64.Build.0 = Debug|x64
		{61203BCB-A00E-4191-82A8-BA9734419DF1}.Debug|x86.ActiveCfg = Debug|Win32
		{61203BCB-A00E-4191-82A8-BA9734419DF1}.Debug|x86.Build.0 = Debug|Win32
		{61203BCB-A00E-4191-82A8-BA9734419DF1}.Release|x64.ActiveCfg = Release|x64
		{61203BCB-A00E-4191-82A8-BA9734419DF1}.Release|x64.Build.0 = Release|x64
		{61203BCB-A00E-4191-82A8-BA9734419DF1}.Release|x86.ActiveCfg = Release|Win32
		{61203BCB-A00E-4191-82A8-BA9734419DF1}.Release|x86.Build.0 = Release|Win32
		{EC2BDEA5-5612-4C95-B488-6F2B6CF33571}.Debug|x64.ActiveCfg = Debug|x64
		{EC2BDEA5-5612-4C95-B488-6F2B6CF33571}.Debug|x64.Build.0 = Debug|x64
		{EC2BDEA5-5612-4C95-B488-6F2B6CF33571}.Debug|x86.ActiveCfg = Debug|Win32
		{EC2BDEA5-5612-4C95-B488-6F2B6CF33571}.Debug|x86.Build.0 = Debug|Win32
		{EC2BDEA5-5612-4C95-B488-6F2B6CF33571}.Release|x64.ActiveCfg = Release|x64
		{EC2BDEA5-5612-4C95-B488-6F2B6CF33571}.Release|x64.Build.0 = Release|x64
		{EC2BDEA5-5612-4C95-B488-6F2B6CF33571}.Release|x86.ActiveCfg = Release|Win32
		{EC2BDEA5-5612-4C95-B488-6F2B6CF33571}.Release|x86.Build.0 = Release|Win32
		{DF405F3B-68D0-4D36-949C-A086B54CD20E}.Debug|x64.ActiveCfg = Debug|x64
		{DF405F3B-68D0-4D36-949C-A086B54CD20E}.Debug|x64.Build.0 = Debug|x64
		{DF405F3B-68D0-4D36-949C-A086B54CD20E}.Debug|x86.ActiveCfg = Debug|Win32
		{DF405F3B-68D0-4D36-949C-A086B54CD20E}.Debug|x86.Build.0 = Debug|Win32
		{DF405F3B-68D0-4D36-949C-A086B54CD20E}.Release|x64.ActiveCfg = Release|x64
		{DF405F3B-68D0-4D36-949C-A086B54CD20E}.Release|x64.Build.0 = Release|x64
		{DF405F3B-68D0-4D36-949C-A086B54CD20E}.Release|x86.ActiveCfg = Release|Win32
		{DF405F3B-68D0-4D36-949C-A086B54CD20E}.Release|x86.Build.0 = Release|Win32
		{02CA52A2-1076-427D-BEA5-CAA85EC5CF51}.Debug|x64.ActiveCfg = Debug|x64
		{02CA52A2-1076-427D-BEA5-CAA85EC5CF51}.Debug|x64.Build.0 = Debug|x64
		{02CA52A2-1076-427D-BEA5-CAA85EC5CF51}.Debug|x86.ActiveCfg = Debug|Win32
		{02CA52A2-1076-427D-BEA5-CAA85EC5CF51}.Debug|x86.Build.0 = Debug|Win32
		{02CA52A2-1076-427D-BEA5-CAA85EC5CF51}.Release|x64.ActiveCfg = Release|x64
		{02CA52A2-1076-427D-BEA5-CAA85EC5CF51}.Release|x64.Build.0 = Release|x64
		{02CA52A2-1076-427D-BEA5-CAA85EC5CF51}.Release|x86.ActiveCfg = Release|Win32
		{02CA52A2-1076-427D-BEA5-CAA85EC5CF51}.Release|x86.Build.0 = Release|Win32
		{F8C68D25-20B3-4157-8560-D344748AC0F7}.Debug|x64.ActiveCfg = Debug|x64
		{F8C68D25-20B3-4157-8560-D344748AC0F7}.Debug|x64.Build.0 = Debug|x64
		{F8C68D25-20B3-4157-8560-D344748AC0F7}.Debug|x86.ActiveCfg = Debug|Win32
		{F8C68D25-20B3-4157-8560-D344748AC0F7}.Debug|x86.Build.0 = Debug|Win32
		{F8C68D25-20B3-4157-8560-D344748AC0F7}.Release|x64.ActiveCfg = Release|x64
		{F8C68D25-20B3-4157-8560-D344748AC0F7}.Release|x64.Build.0 = Release|x64
		{F8C68D25-20B3-4157-8560-D344748AC0F7}.Release|x86.ActiveCfg = Release|Win32
		{F8C68D25-20B3-4157-8560-D344748AC0F7}.Release|x86.Build.0 = Release|Win32
		{65184A35-055A-407B-8F58-2B3D8BF645FF}.Debug|x64.ActiveCfg = Debug|x64
		{65184A35-055A-407B-8F58-2B3D8BF645FF}.Debug|x64.Build.0 = Debug|x64
		{65184A35-055A-407B-8F58-2B3D8BF645FF}.Debug|x86.ActiveCfg = Debug|Win32
		{65184A35-055A-407B-8F58-2B3D8BF645FF}.Debug|x86.Build.0 = Debug|Win32
		{65184A35-055A-407B-8F58-2B3D8BF645FF}.Release|x64.ActiveCfg = Release|x64
		{65184A35-055A-407B-8F58-2B3D8BF645FF}.Release|x64.Build.0 = Release|x64
		{65184A35-055A-407B-8F58-2B3D8BF645FF}.Release|x86.ActiveCfg = Release|Win32
		{65184A35-055A-407B-8F58-2B3D8BF645FF}.Release|x86.Build.0 = Release|Win32
		{EACCF2A2-F7DF-47FB-8890-0845C6F0F926}.Debug|x64.ActiveCfg = Debug|x64
		{EACCF2A2-F7DF-47FB-8890-0845C6F0F926}.Debug|x64.Build.0 = Debug|x64
		{EACCF2A2-F7DF-47FB-8890-0845C6F0F926}.Debug|x86.ActiveCfg = Debug|Win32
		{EACCF2A2-F7DF-47FB-8890-0845C6F0F926}.Debug|x86.Build.0 = Debug|Win32
		{EACCF2A2-F7DF-47FB-8890-0845C6F0F926}.Release|x64.ActiveCfg = Release|x64
		{EACCF2A2-F7DF-47FB-8890-0845C6F0F926}.Release|x64.Build.0 = Release|x64
		{EACCF2A2-F7DF-47FB-8890-0845C6F0F926}.Release|x86.ActiveCfg = Release|Win32
		{EACCF2A2-F7DF-47FB-8890-0845C6F0F926}.Release|x86.Build.0 = Release|Win32
		{454739FF-FB3A-4C65-B57F-5ECC737A7071}.Debug|x64.ActiveCfg = Debug|x64
		{454739FF-FB3A-4C65-B57F-5ECC737A7071}.Debug|x64.Build.0 = Debug|x64
		{454739FF-FB3A-4C65-B57F-5ECC737A7071}.Debug|x86.ActiveCfg = Debug|Win32
		{454739FF-FB3A-4C65-B57F-5ECC737A7071}.Debug|x86.Build.0 = Debug|Win32
		{454739FF-FB3A-4C65-B57F-5ECC737A7071}.Release|x64.ActiveCfg = Release|x64
		{454739FF-FB3A-4C65-B57F-5ECC737A7071}.Release|x64.Build.0 = Release|x64
		{454739FF-FB3A-4C65-B57F-5ECC737A7071}.Release|x86.ActiveCfg = Release|Win32
		{454739FF-FB3A-4C65-B57F-5ECC737A7071}.Release|x86.Build.0 = Release|Win32
		{B508F7BA-44B7-4951-BA80-A353E961A8A2}.Debug|x64.ActiveCfg = Debug|x64
		{B508F7BA-44B7-4951-BA80-A353E961A8A2}.Debug|x64.Build.0 = Debug|x64
		{B508F7BA-44B7-4951-BA80-A353E961A8A2}.Debug|x86.ActiveCfg = Debug|Win32
		{B508F7BA-44B7-4951-BA80-A353E961A8A2}.Debug|x86.Build.0 = Debug|Win32
		{B508F7BA-44B7-4951-BA80-A353E961A8A2}.Release|x64.ActiveCfg = Release|x64
		{B508F7BA-44B7-4951-BA80-A353E961A8A2}.Release|x64.Build.0 = Release|x64
		{B508F7BA-44B7-4951-BA80-A353E961A8A2}.Release|x86.ActiveCfg = Release|Win32
		{B508F7BA-44B7-4951-BA80-A353E961A8A2}.Release|x86.Build.0 = Release|Win32
	EndGlobalSection
	GlobalSection(SolutionProperties) = preSolution
		HideSolutionNode = FALSE
	EndGlobalSection
	GlobalSection(ExtensibilityGlobals) = postSolution
		SolutionGuid = {CDFC0FAE-B44E-4C45-A186-EA2529B25946}
	EndGlobalSection
EndGlobal
